
Microsoft Visual Studio Solution File, Format Version 12.00
# Visual Studio Version 17
VisualStudioVersion = 17.2.32505.173
MinimumVisualStudioVersion = 10.0.40219.1
Project("{F184B08F-C81C-45F6-A57F-5ABD9991F28F}") = "UPXPatch", "UPXPatch\UPXPatch.vbproj", "{281195C7-2537-4EE6-A62A-0E40BB9A8FD8}"
EndProject
Global
	GlobalSection(SolutionConfigurationPlatforms) = preSolution
		Debug|Any CPU = Debug|Any CPU
		Release|Any CPU = Release|Any CPU
	EndGlobalSection
	GlobalSection(ProjectConfigurationPlatforms) = postSolution
		{281195C7-2537-4EE6-A62A-0E40BB9A8FD8}.Debug|Any CPU.ActiveCfg = Debug|Any CPU
		{281195C7-2537-4EE6-A62A-0E40BB9A8FD8}.Debug|Any CPU.Build.0 = Debug|Any CPU
		{281195C7-2537-4EE6-A62A-0E40BB9A8FD8}.Release|Any CPU.ActiveCfg = Release|Any CPU
		{281195C7-2537-4EE6-A62A-0E40BB9A8FD8}.Release|Any CPU.Build.0 = Release|Any CPU
	EndGlobalSection
	GlobalSection(SolutionProperties) = preSolution
		HideSolutionNode = FALSE
	EndGlobalSection
	GlobalSection(ExtensibilityGlobals) = postSolution
		SolutionGuid = {DBDF9DCB-079E-48D2-9545-9D30577C1537}
	EndGlobalSection
EndGlobal
